
Microsoft Visual Studio Solution File, Format Version 12.00
# Visual Studio Version 17
VisualStudioVersion = 17.9.34728.123
MinimumVisualStudioVersion = 10.0.40219.1
Project("{FAE04EC0-301F-11D3-BF4B-00C04F79EFBC}") = "RealEstate_Dapper_Api", "RealEstate_Dapper_Api\RealEstate_Dapper_Api.csproj", "{B5A18BF4-39B8-4782-A76A-3B42C27F487A}"
EndProject
Project("{FAE04EC0-301F-11D3-BF4B-00C04F79EFBC}") = "RealEstate_Dapper_UI", "RealEstate_Dapper_UI\RealEstate_Dapper_UI.csproj", "{AAC770AC-89F4-4C09-8F62-F1F801420C08}"
EndProject
Global
	GlobalSection(SolutionConfigurationPlatforms) = preSolution
		Debug|Any CPU = Debug|Any CPU
		Release|Any CPU = Release|Any CPU
	EndGlobalSection
	GlobalSection(ProjectConfigurationPlatforms) = postSolution
		{B5A18BF4-39B8-4782-A76A-3B42C27F487A}.Debug|Any CPU.ActiveCfg = Debug|Any CPU
		{B5A18BF4-39B8-4782-A76A-3B42C27F487A}.Debug|Any CPU.Build.0 = Debug|Any CPU
		{B5A18BF4-39B8-4782-A76A-3B42C27F487A}.Release|Any CPU.ActiveCfg = Release|Any CPU
		{B5A18BF4-39B8-4782-A76A-3B42C27F487A}.Release|Any CPU.Build.0 = Release|Any CPU
		{AAC770AC-89F4-4C09-8F62-F1F801420C08}.Debug|Any CPU.ActiveCfg = Debug|Any CPU
		{AAC770AC-89F4-4C09-8F62-F1F801420C08}.Debug|Any CPU.Build.0 = Debug|Any CPU
		{AAC770AC-89F4-4C09-8F62-F1F801420C08}.Release|Any CPU.ActiveCfg = Release|Any CPU
		{AAC770AC-89F4-4C09-8F62-F1F801420C08}.Release|Any CPU.Build.0 = Release|Any CPU
	EndGlobalSection
	GlobalSection(SolutionProperties) = preSolution
		HideSolutionNode = FALSE
	EndGlobalSection
	GlobalSection(ExtensibilityGlobals) = postSolution
		SolutionGuid = {7B8C9572-D7E3-4C2E-BFD5-46C6C6284D73}
	EndGlobalSection
EndGlobal
